// !$*UTF8*$!
{
	archiveVersion = 1;
	classes = {
	};
	objectVersion = 48;
	objects = {

/* Begin PBXBuildFile section */
		7749B4CDC494305FA755E235 /* Pods_Sample_iOS.framework in Frameworks */ = {isa = PBXBuildFile; fileRef = 58DBDAC1930C75FBE996F1F1 /* Pods_Sample_iOS.framework */; };
		A4137BB02062E986008D2A06 /* AppDelegate.swift in Sources */ = {isa = PBXBuildFile; fileRef = A4137BAF2062E986008D2A06 /* AppDelegate.swift */; };
		A4137BB22062E986008D2A06 /* ViewController.swift in Sources */ = {isa = PBXBuildFile; fileRef = A4137BB12062E986008D2A06 /* ViewController.swift */; };
		A4137BB52062E986008D2A06 /* Main.storyboard in Resources */ = {isa = PBXBuildFile; fileRef = A4137BB32062E986008D2A06 /* Main.storyboard */; };
		A4137BB72062E986008D2A06 /* Assets.xcassets in Resources */ = {isa = PBXBuildFile; fileRef = A4137BB62062E986008D2A06 /* Assets.xcassets */; };
		A4137BBA2062E986008D2A06 /* LaunchScreen.storyboard in Resources */ = {isa = PBXBuildFile; fileRef = A4137BB82062E986008D2A06 /* LaunchScreen.storyboard */; };
/* End PBXBuildFile section */

/* Begin PBXFileReference section */
		2EBC2742CD7EB8D136CA06B5 /* Pods-Sample-iOS.debug.xcconfig */ = {isa = PBXFileReference; includeInIndex = 1; lastKnownFileType = text.xcconfig; name = "Pods-Sample-iOS.debug.xcconfig"; path = "../Pods/Target Support Files/Pods-Sample-iOS/Pods-Sample-iOS.debug.xcconfig"; sourceTree = "<group>"; };
		58DBDAC1930C75FBE996F1F1 /* Pods_Sample_iOS.framework */ = {isa = PBXFileReference; explicitFileType = wrapper.framework; includeInIndex = 0; path = Pods_Sample_iOS.framework; sourceTree = BUILT_PRODUCTS_DIR; };
		5E7E74668B04635F061B8F43 /* Pods-Sample-iOS.release.xcconfig */ = {isa = PBXFileReference; includeInIndex = 1; lastKnownFileType = text.xcconfig; name = "Pods-Sample-iOS.release.xcconfig"; path = "../Pods/Target Support Files/Pods-Sample-iOS/Pods-Sample-iOS.release.xcconfig"; sourceTree = "<group>"; };
		A4137BAC2062E986008D2A06 /* Sample-iOS.app */ = {isa = PBXFileReference; explicitFileType = wrapper.application; includeInIndex = 0; path = "Sample-iOS.app"; sourceTree = BUILT_PRODUCTS_DIR; };
		A4137BAF2062E986008D2A06 /* AppDelegate.swift */ = {isa = PBXFileReference; lastKnownFileType = sourcecode.swift; path = AppDelegate.swift; sourceTree = "<group>"; };
		A4137BB12062E986008D2A06 /* ViewController.swift */ = {isa = PBXFileReference; lastKnownFileType = sourcecode.swift; path = ViewController.swift; sourceTree = "<group>"; };
		A4137BB42062E986008D2A06 /* Base */ = {isa = PBXFileReference; lastKnownFileType = file.storyboard; name = Base; path = Base.lproj/Main.storyboard; sourceTree = "<group>"; };
		A4137BB62062E986008D2A06 /* Assets.xcassets */ = {isa = PBXFileReference; lastKnownFileType = folder.assetcatalog; path = Assets.xcassets; sourceTree = "<group>"; };
		A4137BB92062E986008D2A06 /* Base */ = {isa = PBXFileReference; lastKnownFileType = file.storyboard; name = Base; path = Base.lproj/LaunchScreen.storyboard; sourceTree = "<group>"; };
		A4137BBB2062E986008D2A06 /* Info.plist */ = {isa = PBXFileReference; lastKnownFileType = text.plist.xml; path = Info.plist; sourceTree = "<group>"; };
/* End PBXFileReference section */

/* Begin PBXFrameworksBuildPhase section */
		A4137BA92062E986008D2A06 /* Frameworks */ = {
			isa = PBXFrameworksBuildPhase;
			buildActionMask = 2147483647;
			files = (
				7749B4CDC494305FA755E235 /* Pods_Sample_iOS.framework in Frameworks */,
			);
			runOnlyForDeploymentPostprocessing = 0;
		};
/* End PBXFrameworksBuildPhase section */

/* Begin PBXGroup section */
		77597804500E04462F6AA709 /* Pods */ = {
			isa = PBXGroup;
			children = (
				2EBC2742CD7EB8D136CA06B5 /* Pods-Sample-iOS.debug.xcconfig */,
				5E7E74668B04635F061B8F43 /* Pods-Sample-iOS.release.xcconfig */,
			);
			name = Pods;
			sourceTree = "<group>";
		};
		8705D50D49D8C0BD4A307EBA /* Frameworks */ = {
			isa = PBXGroup;
			children = (
				58DBDAC1930C75FBE996F1F1 /* Pods_Sample_iOS.framework */,
			);
			name = Frameworks;
			sourceTree = "<group>";
		};
		A4137BA32062E986008D2A06 = {
			isa = PBXGroup;
			children = (
				A4137BAE2062E986008D2A06 /* Sample-iOS */,
				A4137BAD2062E986008D2A06 /* Products */,
				77597804500E04462F6AA709 /* Pods */,
				8705D50D49D8C0BD4A307EBA /* Frameworks */,
			);
			sourceTree = "<group>";
		};
		A4137BAD2062E986008D2A06 /* Products */ = {
			isa = PBXGroup;
			children = (
				A4137BAC2062E986008D2A06 /* Sample-iOS.app */,
			);
			name = Products;
			sourceTree = "<group>";
		};
		A4137BAE2062E986008D2A06 /* Sample-iOS */ = {
			isa = PBXGroup;
			children = (
				A4137BAF2062E986008D2A06 /* AppDelegate.swift */,
				A4137BB12062E986008D2A06 /* ViewController.swift */,
				A4137BB32062E986008D2A06 /* Main.storyboard */,
				A4137BB62062E986008D2A06 /* Assets.xcassets */,
				A4137BB82062E986008D2A06 /* LaunchScreen.storyboard */,
				A4137BBB2062E986008D2A06 /* Info.plist */,
			);
			path = "Sample-iOS";
			sourceTree = "<group>";
		};
/* End PBXGroup section */

/* Begin PBXNativeTarget section */
		A4137BAB2062E986008D2A06 /* Sample-iOS */ = {
			isa = PBXNativeTarget;
			buildConfigurationList = A4137BBE2062E986008D2A06 /* Build configuration list for PBXNativeTarget "Sample-iOS" */;
			buildPhases = (
				E9576F92CCB679A754E85C7D /* [CP] Check Pods Manifest.lock */,
				A4137BA82062E986008D2A06 /* Sources */,
				A4137BA92062E986008D2A06 /* Frameworks */,
				A4137BAA2062E986008D2A06 /* Resources */,
				4950BC1E7E7FD0DD5193A959 /* [CP] Embed Pods Frameworks */,
				7931AFA046ECA8CEA501D573 /* [CP] Copy Pods Resources */,
			);
			buildRules = (
			);
			dependencies = (
			);
			name = "Sample-iOS";
			productName = "Sample-iOS";
			productReference = A4137BAC2062E986008D2A06 /* Sample-iOS.app */;
			productType = "com.apple.product-type.application";
		};
/* End PBXNativeTarget section */

/* Begin PBXProject section */
		A4137BA42062E986008D2A06 /* Project object */ = {
			isa = PBXProject;
			attributes = {
				LastSwiftUpdateCheck = 0920;
				LastUpgradeCheck = 0920;
				ORGANIZATIONNAME = "Abdullah Selek";
				TargetAttributes = {
					A4137BAB2062E986008D2A06 = {
						CreatedOnToolsVersion = 9.2;
						LastSwiftMigration = 0920;
						ProvisioningStyle = Automatic;
					};
				};
			};
			buildConfigurationList = A4137BA72062E986008D2A06 /* Build configuration list for PBXProject "Sample-iOS" */;
			compatibilityVersion = "Xcode 8.0";
			developmentRegion = en;
			hasScannedForEncodings = 0;
			knownRegions = (
				en,
				Base,
			);
			mainGroup = A4137BA32062E986008D2A06;
			productRefGroup = A4137BAD2062E986008D2A06 /* Products */;
			projectDirPath = "";
			projectRoot = "";
			targets = (
				A4137BAB2062E986008D2A06 /* Sample-iOS */,
			);
		};
/* End PBXProject section */

/* Begin PBXResourcesBuildPhase section */
		A4137BAA2062E986008D2A06 /* Resources */ = {
			isa = PBXResourcesBuildPhase;
			buildActionMask = 2147483647;
			files = (
				A4137BBA2062E986008D2A06 /* LaunchScreen.storyboard in Resources */,
				A4137BB72062E986008D2A06 /* Assets.xcassets in Resources */,
				A4137BB52062E986008D2A06 /* Main.storyboard in Resources */,
			);
			runOnlyForDeploymentPostprocessing = 0;
		};
/* End PBXResourcesBuildPhase section */

/* Begin PBXShellScriptBuildPhase section */
		4950BC1E7E7FD0DD5193A959 /* [CP] Embed Pods Frameworks */ = {
			isa = PBXShellScriptBuildPhase;
			buildActionMask = 2147483647;
			files = (
			);
			inputPaths = (
				"${SRCROOT}/../Pods/Target Support Files/Pods-Sample-iOS/Pods-Sample-iOS-frameworks.sh",
				"${BUILT_PRODUCTS_DIR}/SwiftyProxyKit/SwiftyProxyKit.framework",
			);
			name = "[CP] Embed Pods Frameworks";
			outputPaths = (
				"${TARGET_BUILD_DIR}/${FRAMEWORKS_FOLDER_PATH}/SwiftyProxyKit.framework",
			);
			runOnlyForDeploymentPostprocessing = 0;
			shellPath = /bin/sh;
			shellScript = "\"${SRCROOT}/../Pods/Target Support Files/Pods-Sample-iOS/Pods-Sample-iOS-frameworks.sh\"\n";
			showEnvVarsInLog = 0;
		};
		7931AFA046ECA8CEA501D573 /* [CP] Copy Pods Resources */ = {
			isa = PBXShellScriptBuildPhase;
			buildActionMask = 2147483647;
			files = (
			);
			inputPaths = (
			);
			name = "[CP] Copy Pods Resources";
			outputPaths = (
			);
			runOnlyForDeploymentPostprocessing = 0;
			shellPath = /bin/sh;
			shellScript = "\"${SRCROOT}/../Pods/Target Support Files/Pods-Sample-iOS/Pods-Sample-iOS-resources.sh\"\n";
			showEnvVarsInLog = 0;
		};
		E9576F92CCB679A754E85C7D /* [CP] Check Pods Manifest.lock */ = {
			isa = PBXShellScriptBuildPhase;
			buildActionMask = 2147483647;
			files = (
			);
			inputPaths = (
				"${PODS_PODFILE_DIR_PATH}/Podfile.lock",
				"${PODS_ROOT}/Manifest.lock",
			);
			name = "[CP] Check Pods Manifest.lock";
			outputPaths = (
				"$(DERIVED_FILE_DIR)/Pods-Sample-iOS-checkManifestLockResult.txt",
			);
			runOnlyForDeploymentPostprocessing = 0;
			shellPath = /bin/sh;
			shellScript = "diff \"${PODS_PODFILE_DIR_PATH}/Podfile.lock\" \"${PODS_ROOT}/Manifest.lock\" > /dev/null\nif [ $? != 0 ] ; then\n    # print error to STDERR\n    echo \"error: The sandbox is not in sync with the Podfile.lock. Run 'pod install' or update your CocoaPods installation.\" >&2\n    exit 1\nfi\n# This output is used by Xcode 'outputs' to avoid re-running this script phase.\necho \"SUCCESS\" > \"${SCRIPT_OUTPUT_FILE_0}\"\n";
			showEnvVarsInLog = 0;
		};
/* End PBXShellScriptBuildPhase section */

/* Begin PBXSourcesBuildPhase section */
		A4137BA82062E986008D2A06 /* Sources */ = {
			isa = PBXSourcesBuildPhase;
			buildActionMask = 2147483647;
			files = (
				A4137BB22062E986008D2A06 /* ViewController.swift in Sources */,
				A4137BB02062E986008D2A06 /* AppDelegate.swift in Sources */,
			);
			runOnlyForDeploymentPostprocessing = 0;
		};
/* End PBXSourcesBuildPhase section */

/* Begin PBXVariantGroup section */
		A4137BB32062E986008D2A06 /* Main.storyboard */ = {
			isa = PBXVariantGroup;
			children = (
				A4137BB42062E986008D2A06 /* Base */,
			);
			name = Main.storyboard;
			sourceTree = "<group>";
		};
		A4137BB82062E986008D2A06 /* LaunchScreen.storyboard */ = {
			isa = PBXVariantGroup;
			children = (
				A4137BB92062E986008D2A06 /* Base */,
			);
			name = LaunchScreen.storyboard;
			sourceTree = "<group>";
		};
/* End PBXVariantGroup section */

/* Begin XCBuildConfiguration section */
		A4137BBC2062E986008D2A06 /* Debug */ = {
			isa = XCBuildConfiguration;
			buildSettings = {
				ALWAYS_SEARCH_USER_PATHS = NO;
				CLANG_ANALYZER_NONNULL = YES;
				CLANG_ANALYZER_NUMBER_OBJECT_CONVERSION = YES_AGGRESSIVE;
				CLANG_CXX_LANGUAGE_STANDARD = "gnu++14";
				CLANG_CXX_LIBRARY = "libc++";
				CLANG_ENABLE_MODULES = YES;
				CLANG_ENABLE_OBJC_ARC = YES;
				CLANG_WARN_BLOCK_CAPTURE_AUTORELEASING = YES;
				CLANG_WARN_BOOL_CONVERSION = YES;
				CLANG_WARN_COMMA = YES;
				CLANG_WARN_CONSTANT_CONVERSION = YES;
				CLANG_WARN_DIRECT_OBJC_ISA_USAGE = YES_ERROR;
				CLANG_WARN_DOCUMENTATION_COMMENTS = YES;
				CLANG_WARN_EMPTY_BODY = YES;
				CLANG_WARN_ENUM_CONVERSION = YES;
				CLANG_WARN_INFINITE_RECURSION = YES;
				CLANG_WARN_INT_CONVERSION = YES;
				CLANG_WARN_NON_LITERAL_NULL_CONVERSION = YES;
				CLANG_WARN_OBJC_LITERAL_CONVERSION = YES;
				CLANG_WARN_OBJC_ROOT_CLASS = YES_ERROR;
				CLANG_WARN_RANGE_LOOP_ANALYSIS = YES;
				CLANG_WARN_STRICT_PROTOTYPES = YES;
				CLANG_WARN_SUSPICIOUS_MOVE = YES;
				CLANG_WARN_UNGUARDED_AVAILABILITY = YES_AGGRESSIVE;
				CLANG_WARN_UNREACHABLE_CODE = YES;
				CLANG_WARN__DUPLICATE_METHOD_MATCH = YES;
				CODE_SIGN_IDENTITY = "iPhone Developer";
				COPY_PHASE_STRIP = NO;
				DEBUG_INFORMATION_FORMAT = dwarf;
				ENABLE_STRICT_OBJC_MSGSEND = YES;
				ENABLE_TESTABILITY = YES;
				GCC_C_LANGUAGE_STANDARD = gnu11;
				GCC_DYNAMIC_NO_PIC = NO;
				GCC_NO_COMMON_BLOCKS = YES;
				GCC_OPTIMIZATION_LEVEL = 0;
				GCC_PREPROCESSOR_DEFINITIONS = (
					"DEBUG=1",
					"$(inherited)",
				);
				GCC_WARN_64_TO_32_BIT_CONVERSION = YES;
				GCC_WARN_ABOUT_RETURN_TYPE = YES_ERROR;
				GCC_WARN_UNDECLARED_SELECTOR = YES;
				GCC_WARN_UNINITIALIZED_AUTOS = YES_AGGRESSIVE;
				GCC_WARN_UNUSED_FUNCTION = YES;
				GCC_WARN_UNUSED_VARIABLE = YES;
				IPHONEOS_DEPLOYMENT_TARGET = 9.0;
				MTL_ENABLE_DEBUG_INFO = YES;
				ONLY_ACTIVE_ARCH = YES;
				SDKROOT = iphoneos;
				SWIFT_ACTIVE_COMPILATION_CONDITIONS = DEBUG;
				SWIFT_OPTIMIZATION_LEVEL = "-Onone";
			};
			name = Debug;
		};
		A4137BBD2062E986008D2A06 /* Release */ = {
			isa = XCBuildConfiguration;
			buildSettings = {
				ALWAYS_SEARCH_USER_PATHS = NO;
				CLANG_ANALYZER_NONNULL = YES;
				CLANG_ANALYZER_NUMBER_OBJECT_CONVERSION = YES_AGGRESSIVE;
				CLANG_CXX_LANGUAGE_STANDARD = "gnu++14";
				CLANG_CXX_LIBRARY = "libc++";
				CLANG_ENABLE_MODULES = YES;
				CLANG_ENABLE_OBJC_ARC = YES;
				CLANG_WARN_BLOCK_CAPTURE_AUTORELEASING = YES;
				CLANG_WARN_BOOL_CONVERSION = YES;
				CLANG_WARN_COMMA = YES;
				CLANG_WARN_CONSTANT_CONVERSION = YES;
				CLANG_WARN_DIRECT_OBJC_ISA_USAGE = YES_ERROR;
				CLANG_WARN_DOCUMENTATION_COMMENTS = YES;
				CLANG_WARN_EMPTY_BODY = YES;
				CLANG_WARN_ENUM_CONVERSION = YES;
				CLANG_WARN_INFINITE_RECURSION = YES;
				CLANG_WARN_INT_CONVERSION = YES;
				CLANG_WARN_NON_LITERAL_NULL_CONVERSION = YES;
				CLANG_WARN_OBJC_LITERAL_CONVERSION = YES;
				CLANG_WARN_OBJC_ROOT_CLASS = YES_ERROR;
				CLANG_WARN_RANGE_LOOP_ANALYSIS = YES;
				CLANG_WARN_STRICT_PROTOTYPES = YES;
				CLANG_WARN_SUSPICIOUS_MOVE = YES;
				CLANG_WARN_UNGUARDED_AVAILABILITY = YES_AGGRESSIVE;
				CLANG_WARN_UNREACHABLE_CODE = YES;
				CLANG_WARN__DUPLICATE_METHOD_MATCH = YES;
				CODE_SIGN_IDENTITY = "iPhone Developer";
				COPY_PHASE_STRIP = NO;
				DEBUG_INFORMATION_FORMAT = "dwarf-with-dsym";
				ENABLE_NS_ASSERTIONS = NO;
				ENABLE_STRICT_OBJC_MSGSEND = YES;
				GCC_C_LANGUAGE_STANDARD = gnu11;
				GCC_NO_COMMON_BLOCKS = YES;
				GCC_WARN_64_TO_32_BIT_CONVERSION = YES;
				GCC_WARN_ABOUT_RETURN_TYPE = YES_ERROR;
				GCC_WARN_UNDECLARED_SELECTOR = YES;
				GCC_WARN_UNINITIALIZED_AUTOS = YES_AGGRESSIVE;
				GCC_WARN_UNUSED_FUNCTION = YES;
				GCC_WARN_UNUSED_VARIABLE = YES;
				IPHONEOS_DEPLOYMENT_TARGET = 9.0;
				MTL_ENABLE_DEBUG_INFO = NO;
				SDKROOT = iphoneos;
				SWIFT_OPTIMIZATION_LEVEL = "-Owholemodule";
				VALIDATE_PRODUCT = YES;
			};
			name = Release;
		};
		A4137BBF2062E986008D2A06 /* Debug */ = {
			isa = XCBuildConfiguration;
			baseConfigurationReference = 2EBC2742CD7EB8D136CA06B5 /* Pods-Sample-iOS.debug.xcconfig */;
			buildSettings = {
				ASSETCATALOG_COMPILER_APPICON_NAME = AppIcon;
				CLANG_ENABLE_MODULES = YES;
				CODE_SIGN_STYLE = Automatic;
				INFOPLIST_FILE = "Sample-iOS/Info.plist";
				LD_RUNPATH_SEARCH_PATHS = "$(inherited) @executable_path/Frameworks";
				PRODUCT_BUNDLE_IDENTIFIER = "com.abdullahselek.Sample-iOS";
				PRODUCT_NAME = "$(TARGET_NAME)";
				SWIFT_OBJC_BRIDGING_HEADER = "";
				SWIFT_OPTIMIZATION_LEVEL = "-Onone";
				SWIFT_VERSION = 4.0;
				TARGETED_DEVICE_FAMILY = "1,2";
			};
			name = Debug;
		};
		A4137BC02062E986008D2A06 /* Release */ = {
			isa = XCBuildConfiguration;
			baseConfigurationReference = 5E7E74668B04635F061B8F43 /* Pods-Sample-iOS.release.xcconfig */;
			buildSettings = {
				ASSETCATALOG_COMPILER_APPICON_NAME = AppIcon;
				CLANG_ENABLE_MODULES = YES;
				CODE_SIGN_STYLE = Automatic;
				INFOPLIST_FILE = "Sample-iOS/Info.plist";
				LD_RUNPATH_SEARCH_PATHS = "$(inherited) @executable_path/Frameworks";
				PRODUCT_BUNDLE_IDENTIFIER = "com.abdullahselek.Sample-iOS";
				PRODUCT_NAME = "$(TARGET_NAME)";
				SWIFT_OBJC_BRIDGING_HEADER = "";
				SWIFT_VERSION = 4.0;
				TARGETED_DEVICE_FAMILY = "1,2";
			};
			name = Release;
		};
/* End XCBuildConfiguration section */

/* Begin XCConfigurationList section */
		A4137BA72062E986008D2A06 /* Build configuration list for PBXProject "Sample-iOS" */ = {
			isa = XCConfigurationList;
			buildConfigurations = (
				A4137BBC2062E986008D2A06 /* Debug */,
				A4137BBD2062E986008D2A06 /* Release */,
			);
			defaultConfigurationIsVisible = 0;
			defaultConfigurationName = Release;
		};
		A4137BBE2062E986008D2A06 /* Build configuration list for PBXNativeTarget "Sample-iOS" */ = {
			isa = XCConfigurationList;
			buildConfigurations = (
				A4137BBF2062E986008D2A06 /* Debug */,
				A4137BC02062E986008D2A06 /* Release */,
			);
			defaultConfigurationIsVisible = 0;
			defaultConfigurationName = Release;
		};
/* End XCConfigurationList section */
	};
	rootObject = A4137BA42062E986008D2A06 /* Project object */;
}
